// !$*UTF8*$!
{
	archiveVersion = 1;
	classes = {
	};
	objectVersion = 50;
	objects = {

/* Begin PBXBuildFile section */
		04A11A6C22C357BB00181528 /* UserData.swift in Sources */ = {isa = PBXBuildFile; fileRef = 04A11A6B22C357BB00181528 /* UserData.swift */; };
		04A11A7022C3943600181528 /* POSTlocation.swift in Sources */ = {isa = PBXBuildFile; fileRef = 04A11A6F22C3943600181528 /* POSTlocation.swift */; };
		04A11A7222C3C22F00181528 /* StorageController.swift in Sources */ = {isa = PBXBuildFile; fileRef = 04A11A7122C3C22F00181528 /* StorageController.swift */; };
		04A11A7422C5B0BD00181528 /* POSTresponse.swift in Sources */ = {isa = PBXBuildFile; fileRef = 04A11A7322C5B0BD00181528 /* POSTresponse.swift */; };
		04A11A7622C5B57600181528 /* ResultViewController.swift in Sources */ = {isa = PBXBuildFile; fileRef = 04A11A7522C5B57600181528 /* ResultViewController.swift */; };
		04A11A7822C5EE8C00181528 /* Flag.swift in Sources */ = {isa = PBXBuildFile; fileRef = 04A11A7722C5EE8C00181528 /* Flag.swift */; };
		04D9EC9922BCF86D000948B3 /* AppDelegate.swift in Sources */ = {isa = PBXBuildFile; fileRef = 04D9EC9822BCF86D000948B3 /* AppDelegate.swift */; };
		04D9EC9B22BCF86D000948B3 /* MapViewController.swift in Sources */ = {isa = PBXBuildFile; fileRef = 04D9EC9A22BCF86D000948B3 /* MapViewController.swift */; };
		04D9EC9E22BCF86D000948B3 /* Main.storyboard in Resources */ = {isa = PBXBuildFile; fileRef = 04D9EC9C22BCF86D000948B3 /* Main.storyboard */; };
		04D9ECA022BCF86F000948B3 /* Assets.xcassets in Resources */ = {isa = PBXBuildFile; fileRef = 04D9EC9F22BCF86F000948B3 /* Assets.xcassets */; };
		04D9ECA322BCF86F000948B3 /* LaunchScreen.storyboard in Resources */ = {isa = PBXBuildFile; fileRef = 04D9ECA122BCF86F000948B3 /* LaunchScreen.storyboard */; };
		04D9ECAF22BCFC3A000948B3 /* StudentLocation.swift in Sources */ = {isa = PBXBuildFile; fileRef = 04D9ECAE22BCFC3A000948B3 /* StudentLocation.swift */; };
		04D9ECB122BCFD48000948B3 /* Results.swift in Sources */ = {isa = PBXBuildFile; fileRef = 04D9ECB022BCFD48000948B3 /* Results.swift */; };
		04D9ECB322BD1EF4000948B3 /* APIRequests.swift in Sources */ = {isa = PBXBuildFile; fileRef = 04D9ECB222BD1EF4000948B3 /* APIRequests.swift */; };
		04D9ECB522BE938B000948B3 /* TableViewController.swift in Sources */ = {isa = PBXBuildFile; fileRef = 04D9ECB422BE938B000948B3 /* TableViewController.swift */; };
		04D9ECB722BE9831000948B3 /* StudentsLocationData.swift in Sources */ = {isa = PBXBuildFile; fileRef = 04D9ECB622BE9831000948B3 /* StudentsLocationData.swift */; };
		04D9ECB922C06CCD000948B3 /* LoginViewController.swift in Sources */ = {isa = PBXBuildFile; fileRef = 04D9ECB822C06CCD000948B3 /* LoginViewController.swift */; };
		04D9ECBB22C06E8E000948B3 /* ButtonsDesign.swift in Sources */ = {isa = PBXBuildFile; fileRef = 04D9ECBA22C06E8E000948B3 /* ButtonsDesign.swift */; };
		04D9ECBF22C07C92000948B3 /* UserLoginResponse.swift in Sources */ = {isa = PBXBuildFile; fileRef = 04D9ECBE22C07C92000948B3 /* UserLoginResponse.swift */; };
		04D9ECC122C08468000948B3 /* UserLogin.swift in Sources */ = {isa = PBXBuildFile; fileRef = 04D9ECC022C08468000948B3 /* UserLogin.swift */; };
		04D9ECC322C0BDC2000948B3 /* AddLocationViewController.swift in Sources */ = {isa = PBXBuildFile; fileRef = 04D9ECC222C0BDC2000948B3 /* AddLocationViewController.swift */; };
		04D9ECC522C0F24A000948B3 /* AddLocationOnMapViewController.swift in Sources */ = {isa = PBXBuildFile; fileRef = 04D9ECC422C0F24A000948B3 /* AddLocationOnMapViewController.swift */; };
		04D9ECC722C116A4000948B3 /* UIViewextention.swift in Sources */ = {isa = PBXBuildFile; fileRef = 04D9ECC622C116A4000948B3 /* UIViewextention.swift */; };
/* End PBXBuildFile section */

/* Begin PBXFileReference section */
		04A11A6B22C357BB00181528 /* UserData.swift */ = {isa = PBXFileReference; lastKnownFileType = sourcecode.swift; path = UserData.swift; sourceTree = "<group>"; };
		04A11A6F22C3943600181528 /* POSTlocation.swift */ = {isa = PBXFileReference; lastKnownFileType = sourcecode.swift; path = POSTlocation.swift; sourceTree = "<group>"; };
		04A11A7122C3C22F00181528 /* StorageController.swift */ = {isa = PBXFileReference; lastKnownFileType = sourcecode.swift; path = StorageController.swift; sourceTree = "<group>"; };
		04A11A7322C5B0BD00181528 /* POSTresponse.swift */ = {isa = PBXFileReference; lastKnownFileType = sourcecode.swift; path = POSTresponse.swift; sourceTree = "<group>"; };
		04A11A7522C5B57600181528 /* ResultViewController.swift */ = {isa = PBXFileReference; lastKnownFileType = sourcecode.swift; path = ResultViewController.swift; sourceTree = "<group>"; };
		04A11A7722C5EE8C00181528 /* Flag.swift */ = {isa = PBXFileReference; lastKnownFileType = sourcecode.swift; path = Flag.swift; sourceTree = "<group>"; };
		04D9EC9522BCF86D000948B3 /* OnTheMap.app */ = {isa = PBXFileReference; explicitFileType = wrapper.application; includeInIndex = 0; path = OnTheMap.app; sourceTree = BUILT_PRODUCTS_DIR; };
		04D9EC9822BCF86D000948B3 /* AppDelegate.swift */ = {isa = PBXFileReference; lastKnownFileType = sourcecode.swift; path = AppDelegate.swift; sourceTree = "<group>"; };
		04D9EC9A22BCF86D000948B3 /* MapViewController.swift */ = {isa = PBXFileReference; lastKnownFileType = sourcecode.swift; path = MapViewController.swift; sourceTree = "<group>"; };
		04D9EC9D22BCF86D000948B3 /* Base */ = {isa = PBXFileReference; lastKnownFileType = file.storyboard; name = Base; path = Base.lproj/Main.storyboard; sourceTree = "<group>"; };
		04D9EC9F22BCF86F000948B3 /* Assets.xcassets */ = {isa = PBXFileReference; lastKnownFileType = folder.assetcatalog; path = Assets.xcassets; sourceTree = "<group>"; };
		04D9ECA222BCF86F000948B3 /* Base */ = {isa = PBXFileReference; lastKnownFileType = file.storyboard; name = Base; path = Base.lproj/LaunchScreen.storyboard; sourceTree = "<group>"; };
		04D9ECA422BCF86F000948B3 /* Info.plist */ = {isa = PBXFileReference; lastKnownFileType = text.plist.xml; path = Info.plist; sourceTree = "<group>"; };
		04D9ECAE22BCFC3A000948B3 /* StudentLocation.swift */ = {isa = PBXFileReference; lastKnownFileType = sourcecode.swift; path = StudentLocation.swift; sourceTree = "<group>"; };
		04D9ECB022BCFD48000948B3 /* Results.swift */ = {isa = PBXFileReference; lastKnownFileType = sourcecode.swift; path = Results.swift; sourceTree = "<group>"; };
		04D9ECB222BD1EF4000948B3 /* APIRequests.swift */ = {isa = PBXFileReference; lastKnownFileType = sourcecode.swift; path = APIRequests.swift; sourceTree = "<group>"; };
		04D9ECB422BE938B000948B3 /* TableViewController.swift */ = {isa = PBXFileReference; lastKnownFileType = sourcecode.swift; path = TableViewController.swift; sourceTree = "<group>"; };
		04D9ECB622BE9831000948B3 /* StudentsLocationData.swift */ = {isa = PBXFileReference; lastKnownFileType = sourcecode.swift; path = StudentsLocationData.swift; sourceTree = "<group>"; };
		04D9ECB822C06CCD000948B3 /* LoginViewController.swift */ = {isa = PBXFileReference; lastKnownFileType = sourcecode.swift; path = LoginViewController.swift; sourceTree = "<group>"; };
		04D9ECBA22C06E8E000948B3 /* ButtonsDesign.swift */ = {isa = PBXFileReference; lastKnownFileType = sourcecode.swift; path = ButtonsDesign.swift; sourceTree = "<group>"; };
		04D9ECBE22C07C92000948B3 /* UserLoginResponse.swift */ = {isa = PBXFileReference; lastKnownFileType = sourcecode.swift; path = UserLoginResponse.swift; sourceTree = "<group>"; };
		04D9ECC022C08468000948B3 /* UserLogin.swift */ = {isa = PBXFileReference; lastKnownFileType = sourcecode.swift; path = UserLogin.swift; sourceTree = "<group>"; };
		04D9ECC222C0BDC2000948B3 /* AddLocationViewController.swift */ = {isa = PBXFileReference; lastKnownFileType = sourcecode.swift; path = AddLocationViewController.swift; sourceTree = "<group>"; };
		04D9ECC422C0F24A000948B3 /* AddLocationOnMapViewController.swift */ = {isa = PBXFileReference; lastKnownFileType = sourcecode.swift; path = AddLocationOnMapViewController.swift; sourceTree = "<group>"; };
		04D9ECC622C116A4000948B3 /* UIViewextention.swift */ = {isa = PBXFileReference; lastKnownFileType = sourcecode.swift; path = UIViewextention.swift; sourceTree = "<group>"; };
/* End PBXFileReference section */

/* Begin PBXFrameworksBuildPhase section */
		04D9EC9222BCF86D000948B3 /* Frameworks */ = {
			isa = PBXFrameworksBuildPhase;
			buildActionMask = 2147483647;
			files = (
			);
			runOnlyForDeploymentPostprocessing = 0;
		};
/* End PBXFrameworksBuildPhase section */

/* Begin PBXGroup section */
		04D9EC8C22BCF86D000948B3 = {
			isa = PBXGroup;
			children = (
				04D9EC9722BCF86D000948B3 /* OnTheMap */,
				04D9EC9622BCF86D000948B3 /* Products */,
			);
			sourceTree = "<group>";
		};
		04D9EC9622BCF86D000948B3 /* Products */ = {
			isa = PBXGroup;
			children = (
				04D9EC9522BCF86D000948B3 /* OnTheMap.app */,
			);
			name = Products;
			sourceTree = "<group>";
		};
		04D9EC9722BCF86D000948B3 /* OnTheMap */ = {
			isa = PBXGroup;
			children = (
				04D9EC9822BCF86D000948B3 /* AppDelegate.swift */,
				04D9ECAA22BCF8A8000948B3 /* Model */,
				04D9ECAD22BCF8B9000948B3 /* Controller */,
				04D9ECAC22BCF8B2000948B3 /* View */,
				04D9EC9C22BCF86D000948B3 /* Main.storyboard */,
				04D9EC9F22BCF86F000948B3 /* Assets.xcassets */,
				04D9ECA122BCF86F000948B3 /* LaunchScreen.storyboard */,
				04D9ECA422BCF86F000948B3 /* Info.plist */,
			);
			path = OnTheMap;
			sourceTree = "<group>";
		};
		04D9ECAA22BCF8A8000948B3 /* Model */ = {
			isa = PBXGroup;
			children = (
				04A11A7122C3C22F00181528 /* StorageController.swift */,
				04A11A7722C5EE8C00181528 /* Flag.swift */,
				04D9ECBD22C07C59000948B3 /* Requests */,
				04D9ECBC22C07C51000948B3 /* Responses */,
				04D9ECAE22BCFC3A000948B3 /* StudentLocation.swift */,
				04A11A6B22C357BB00181528 /* UserData.swift */,
				04D9ECBE22C07C92000948B3 /* UserLoginResponse.swift */,
				04D9ECB622BE9831000948B3 /* StudentsLocationData.swift */,
				04A11A7322C5B0BD00181528 /* POSTresponse.swift */,
				04D9ECB022BCFD48000948B3 /* Results.swift */,
			);
			path = Model;
			sourceTree = "<group>";
		};
		04D9ECAC22BCF8B2000948B3 /* View */ = {
			isa = PBXGroup;
			children = (
				04D9ECBA22C06E8E000948B3 /* ButtonsDesign.swift */,
				04D9ECC622C116A4000948B3 /* UIViewextention.swift */,
			);
			path = View;
			sourceTree = "<group>";
		};
		04D9ECAD22BCF8B9000948B3 /* Controller */ = {
			isa = PBXGroup;
			children = (
				04D9EC9A22BCF86D000948B3 /* MapViewController.swift */,
				04D9ECB822C06CCD000948B3 /* LoginViewController.swift */,
				04D9ECB422BE938B000948B3 /* TableViewController.swift */,
				04D9ECC222C0BDC2000948B3 /* AddLocationViewController.swift */,
				04D9ECC422C0F24A000948B3 /* AddLocationOnMapViewController.swift */,
				04A11A7522C5B57600181528 /* ResultViewController.swift */,
			);
			path = Controller;
			sourceTree = "<group>";
		};
		04D9ECBC22C07C51000948B3 /* Responses */ = {
			isa = PBXGroup;
			children = (
			);
			path = Responses;
			sourceTree = "<group>";
		};
		04D9ECBD22C07C59000948B3 /* Requests */ = {
			isa = PBXGroup;
			children = (
				04D9ECB222BD1EF4000948B3 /* APIRequests.swift */,
				04D9ECC022C08468000948B3 /* UserLogin.swift */,
				04A11A6F22C3943600181528 /* POSTlocation.swift */,
			);
			path = Requests;
			sourceTree = "<group>";
		};
/* End PBXGroup section */

/* Begin PBXNativeTarget section */
		04D9EC9422BCF86D000948B3 /* OnTheMap */ = {
			isa = PBXNativeTarget;
			buildConfigurationList = 04D9ECA722BCF86F000948B3 /* Build configuration list for PBXNativeTarget "OnTheMap" */;
			buildPhases = (
				04D9EC9122BCF86D000948B3 /* Sources */,
				04D9EC9222BCF86D000948B3 /* Frameworks */,
				04D9EC9322BCF86D000948B3 /* Resources */,
			);
			buildRules = (
			);
			dependencies = (
			);
			name = OnTheMap;
			productName = OnTheMap;
			productReference = 04D9EC9522BCF86D000948B3 /* OnTheMap.app */;
			productType = "com.apple.product-type.application";
		};
/* End PBXNativeTarget section */

/* Begin PBXProject section */
		04D9EC8D22BCF86D000948B3 /* Project object */ = {
			isa = PBXProject;
			attributes = {
				LastSwiftUpdateCheck = 1020;
				LastUpgradeCheck = 1020;
				ORGANIZATIONNAME = Lukasz;
				TargetAttributes = {
					04D9EC9422BCF86D000948B3 = {
						CreatedOnToolsVersion = 10.2.1;
					};
				};
			};
			buildConfigurationList = 04D9EC9022BCF86D000948B3 /* Build configuration list for PBXProject "OnTheMap" */;
			compatibilityVersion = "Xcode 9.3";
			developmentRegion = en;
			hasScannedForEncodings = 0;
			knownRegions = (
				en,
				Base,
			);
			mainGroup = 04D9EC8C22BCF86D000948B3;
			productRefGroup = 04D9EC9622BCF86D000948B3 /* Products */;
			projectDirPath = "";
			projectRoot = "";
			targets = (
				04D9EC9422BCF86D000948B3 /* OnTheMap */,
			);
		};
/* End PBXProject section */

/* Begin PBXResourcesBuildPhase section */
		04D9EC9322BCF86D000948B3 /* Resources */ = {
			isa = PBXResourcesBuildPhase;
			buildActionMask = 2147483647;
			files = (
				04D9ECA322BCF86F000948B3 /* LaunchScreen.storyboard in Resources */,
				04D9ECA022BCF86F000948B3 /* Assets.xcassets in Resources */,
				04D9EC9E22BCF86D000948B3 /* Main.storyboard in Resources */,
			);
			runOnlyForDeploymentPostprocessing = 0;
		};
/* End PBXResourcesBuildPhase section */

/* Begin PBXSourcesBuildPhase section */
		04D9EC9122BCF86D000948B3 /* Sources */ = {
			isa = PBXSourcesBuildPhase;
			buildActionMask = 2147483647;
			files = (
				04D9ECAF22BCFC3A000948B3 /* StudentLocation.swift in Sources */,
				04A11A7622C5B57600181528 /* ResultViewController.swift in Sources */,
				04D9ECBF22C07C92000948B3 /* UserLoginResponse.swift in Sources */,
				04D9ECBB22C06E8E000948B3 /* ButtonsDesign.swift in Sources */,
				04A11A6C22C357BB00181528 /* UserData.swift in Sources */,
				04D9ECB522BE938B000948B3 /* TableViewController.swift in Sources */,
				04D9ECC122C08468000948B3 /* UserLogin.swift in Sources */,
				04A11A7822C5EE8C00181528 /* Flag.swift in Sources */,
				04D9EC9B22BCF86D000948B3 /* MapViewController.swift in Sources */,
				04D9ECB122BCFD48000948B3 /* Results.swift in Sources */,
				04A11A7222C3C22F00181528 /* StorageController.swift in Sources */,
				04D9ECC722C116A4000948B3 /* UIViewextention.swift in Sources */,
				04D9ECC522C0F24A000948B3 /* AddLocationOnMapViewController.swift in Sources */,
				04D9ECC322C0BDC2000948B3 /* AddLocationViewController.swift in Sources */,
				04D9ECB922C06CCD000948B3 /* LoginViewController.swift in Sources */,
				04A11A7022C3943600181528 /* POSTlocation.swift in Sources */,
				04D9ECB322BD1EF4000948B3 /* APIRequests.swift in Sources */,
				04D9EC9922BCF86D000948B3 /* AppDelegate.swift in Sources */,
				04A11A7422C5B0BD00181528 /* POSTresponse.swift in Sources */,
				04D9ECB722BE9831000948B3 /* StudentsLocationData.swift in Sources */,
			);
			runOnlyForDeploymentPostprocessing = 0;
		};
/* End PBXSourcesBuildPhase section */

/* Begin PBXVariantGroup section */
		04D9EC9C22BCF86D000948B3 /* Main.storyboard */ = {
			isa = PBXVariantGroup;
			children = (
				04D9EC9D22BCF86D000948B3 /* Base */,
			);
			name = Main.storyboard;
			sourceTree = "<group>";
		};
		04D9ECA122BCF86F000948B3 /* LaunchScreen.storyboard */ = {
			isa = PBXVariantGroup;
			children = (
				04D9ECA222BCF86F000948B3 /* Base */,
			);
			name = LaunchScreen.storyboard;
			sourceTree = "<group>";
		};
/* End PBXVariantGroup section */

/* Begin XCBuildConfiguration section */
		04D9ECA522BCF86F000948B3 /* Debug */ = {
			isa = XCBuildConfiguration;
			buildSettings = {
				ALWAYS_SEARCH_USER_PATHS = NO;
				CLANG_ANALYZER_NONNULL = YES;
				CLANG_ANALYZER_NUMBER_OBJECT_CONVERSION = YES_AGGRESSIVE;
				CLANG_CXX_LANGUAGE_STANDARD = "gnu++14";
				CLANG_CXX_LIBRARY = "libc++";
				CLANG_ENABLE_MODULES = YES;
				CLANG_ENABLE_OBJC_ARC = YES;
				CLANG_ENABLE_OBJC_WEAK = YES;
				CLANG_WARN_BLOCK_CAPTURE_AUTORELEASING = YES;
				CLANG_WARN_BOOL_CONVERSION = YES;
				CLANG_WARN_COMMA = YES;
				CLANG_WARN_CONSTANT_CONVERSION = YES;
				CLANG_WARN_DEPRECATED_OBJC_IMPLEMENTATIONS = YES;
				CLANG_WARN_DIRECT_OBJC_ISA_USAGE = YES_ERROR;
				CLANG_WARN_DOCUMENTATION_COMMENTS = YES;
				CLANG_WARN_EMPTY_BODY = YES;
				CLANG_WARN_ENUM_CONVERSION = YES;
				CLANG_WARN_INFINITE_RECURSION = YES;
				CLANG_WARN_INT_CONVERSION = YES;
				CLANG_WARN_NON_LITERAL_NULL_CONVERSION = YES;
				CLANG_WARN_OBJC_IMPLICIT_RETAIN_SELF = YES;
				CLANG_WARN_OBJC_LITERAL_CONVERSION = YES;
				CLANG_WARN_OBJC_ROOT_CLASS = YES_ERROR;
				CLANG_WARN_RANGE_LOOP_ANALYSIS = YES;
				CLANG_WARN_STRICT_PROTOTYPES = YES;
				CLANG_WARN_SUSPICIOUS_MOVE = YES;
				CLANG_WARN_UNGUARDED_AVAILABILITY = YES_AGGRESSIVE;
				CLANG_WARN_UNREACHABLE_CODE = YES;
				CLANG_WARN__DUPLICATE_METHOD_MATCH = YES;
				CODE_SIGN_IDENTITY = "iPhone Developer";
				COPY_PHASE_STRIP = NO;
				DEBUG_INFORMATION_FORMAT = dwarf;
				ENABLE_STRICT_OBJC_MSGSEND = YES;
				ENABLE_TESTABILITY = YES;
				GCC_C_LANGUAGE_STANDARD = gnu11;
				GCC_DYNAMIC_NO_PIC = NO;
				GCC_NO_COMMON_BLOCKS = YES;
				GCC_OPTIMIZATION_LEVEL = 0;
				GCC_PREPROCESSOR_DEFINITIONS = (
					"DEBUG=1",
					"$(inherited)",
				);
				GCC_WARN_64_TO_32_BIT_CONVERSION = YES;
				GCC_WARN_ABOUT_RETURN_TYPE = YES_ERROR;
				GCC_WARN_UNDECLARED_SELECTOR = YES;
				GCC_WARN_UNINITIALIZED_AUTOS = YES_AGGRESSIVE;
				GCC_WARN_UNUSED_FUNCTION = YES;
				GCC_WARN_UNUSED_VARIABLE = YES;
				IPHONEOS_DEPLOYMENT_TARGET = 12.2;
				MTL_ENABLE_DEBUG_INFO = INCLUDE_SOURCE;
				MTL_FAST_MATH = YES;
				ONLY_ACTIVE_ARCH = YES;
				SDKROOT = iphoneos;
				SWIFT_ACTIVE_COMPILATION_CONDITIONS = DEBUG;
				SWIFT_OPTIMIZATION_LEVEL = "-Onone";
			};
			name = Debug;
		};
		04D9ECA622BCF86F000948B3 /* Release */ = {
			isa = XCBuildConfiguration;
			buildSettings = {
				ALWAYS_SEARCH_USER_PATHS = NO;
				CLANG_ANALYZER_NONNULL = YES;
				CLANG_ANALYZER_NUMBER_OBJECT_CONVERSION = YES_AGGRESSIVE;
				CLANG_CXX_LANGUAGE_STANDARD = "gnu++14";
				CLANG_CXX_LIBRARY = "libc++";
				CLANG_ENABLE_MODULES = YES;
				CLANG_ENABLE_OBJC_ARC = YES;
				CLANG_ENABLE_OBJC_WEAK = YES;
				CLANG_WARN_BLOCK_CAPTURE_AUTORELEASING = YES;
				CLANG_WARN_BOOL_CONVERSION = YES;
				CLANG_WARN_COMMA = YES;
				CLANG_WARN_CONSTANT_CONVERSION = YES;
				CLANG_WARN_DEPRECATED_OBJC_IMPLEMENTATIONS = YES;
				CLANG_WARN_DIRECT_OBJC_ISA_USAGE = YES_ERROR;
				CLANG_WARN_DOCUMENTATION_COMMENTS = YES;
				CLANG_WARN_EMPTY_BODY = YES;
				CLANG_WARN_ENUM_CONVERSION = YES;
				CLANG_WARN_INFINITE_RECURSION = YES;
				CLANG_WARN_INT_CONVERSION = YES;
				CLANG_WARN_NON_LITERAL_NULL_CONVERSION = YES;
				CLANG_WARN_OBJC_IMPLICIT_RETAIN_SELF = YES;
				CLANG_WARN_OBJC_LITERAL_CONVERSION = YES;
				CLANG_WARN_OBJC_ROOT_CLASS = YES_ERROR;
				CLANG_WARN_RANGE_LOOP_ANALYSIS = YES;
				CLANG_WARN_STRICT_PROTOTYPES = YES;
				CLANG_WARN_SUSPICIOUS_MOVE = YES;
				CLANG_WARN_UNGUARDED_AVAILABILITY = YES_AGGRESSIVE;
				CLANG_WARN_UNREACHABLE_CODE = YES;
				CLANG_WARN__DUPLICATE_METHOD_MATCH = YES;
				CODE_SIGN_IDENTITY = "iPhone Developer";
				COPY_PHASE_STRIP = NO;
				DEBUG_INFORMATION_FORMAT = "dwarf-with-dsym";
				ENABLE_NS_ASSERTIONS = NO;
				ENABLE_STRICT_OBJC_MSGSEND = YES;
				GCC_C_LANGUAGE_STANDARD = gnu11;
				GCC_NO_COMMON_BLOCKS = YES;
				GCC_WARN_64_TO_32_BIT_CONVERSION = YES;
				GCC_WARN_ABOUT_RETURN_TYPE = YES_ERROR;
				GCC_WARN_UNDECLARED_SELECTOR = YES;
				GCC_WARN_UNINITIALIZED_AUTOS = YES_AGGRESSIVE;
				GCC_WARN_UNUSED_FUNCTION = YES;
				GCC_WARN_UNUSED_VARIABLE = YES;
				IPHONEOS_DEPLOYMENT_TARGET = 12.2;
				MTL_ENABLE_DEBUG_INFO = NO;
				MTL_FAST_MATH = YES;
				SDKROOT = iphoneos;
				SWIFT_COMPILATION_MODE = wholemodule;
				SWIFT_OPTIMIZATION_LEVEL = "-O";
				VALIDATE_PRODUCT = YES;
			};
			name = Release;
		};
		04D9ECA822BCF86F000948B3 /* Debug */ = {
			isa = XCBuildConfiguration;
			buildSettings = {
				ASSETCATALOG_COMPILER_APPICON_NAME = AppIcon;
				CODE_SIGN_STYLE = Automatic;
				INFOPLIST_FILE = OnTheMap/Info.plist;
				LD_RUNPATH_SEARCH_PATHS = (
					"$(inherited)",
					"@executable_path/Frameworks",
				);
				PRODUCT_BUNDLE_IDENTIFIER = gajowy.OnTheMap;
				PRODUCT_NAME = "$(TARGET_NAME)";
				SWIFT_VERSION = 5.0;
				TARGETED_DEVICE_FAMILY = "1,2";
			};
			name = Debug;
		};
		04D9ECA922BCF86F000948B3 /* Release */ = {
			isa = XCBuildConfiguration;
			buildSettings = {
				ASSETCATALOG_COMPILER_APPICON_NAME = AppIcon;
				CODE_SIGN_STYLE = Automatic;
				INFOPLIST_FILE = OnTheMap/Info.plist;
				LD_RUNPATH_SEARCH_PATHS = (
					"$(inherited)",
					"@executable_path/Frameworks",
				);
				PRODUCT_BUNDLE_IDENTIFIER = gajowy.OnTheMap;
				PRODUCT_NAME = "$(TARGET_NAME)";
				SWIFT_VERSION = 5.0;
				TARGETED_DEVICE_FAMILY = "1,2";
			};
			name = Release;
		};
/* End XCBuildConfiguration section */

/* Begin XCConfigurationList section */
		04D9EC9022BCF86D000948B3 /* Build configuration list for PBXProject "OnTheMap" */ = {
			isa = XCConfigurationList;
			buildConfigurations = (
				04D9ECA522BCF86F000948B3 /* Debug */,
				04D9ECA622BCF86F000948B3 /* Release */,
			);
			defaultConfigurationIsVisible = 0;
			defaultConfigurationName = Release;
		};
		04D9ECA722BCF86F000948B3 /* Build configuration list for PBXNativeTarget "OnTheMap" */ = {
			isa = XCConfigurationList;
			buildConfigurations = (
				04D9ECA822BCF86F000948B3 /* Debug */,
				04D9ECA922BCF86F000948B3 /* Release */,
			);
			defaultConfigurationIsVisible = 0;
			defaultConfigurationName = Release;
		};
/* End XCConfigurationList section */
	};
	rootObject = 04D9EC8D22BCF86D000948B3 /* Project object */;
}
